
Microsoft Visual Studio Solution File, Format Version 12.00
Project("{2150E333-8FDC-42A3-9474-1A3956D46DE8}") = "src", "src", "{485E5658-E3F9-43CD-BBE3-E0680F1B206F}"
EndProject
Project("{FAE04EC0-301F-11D3-BF4B-00C04F79EFBC}") = "GitDevelop.Domain", "src\GitDevelop.Domain\GitDevelop.Domain.csproj", "{3A41108C-A92E-402C-B87E-F7FF4CED801E}"
EndProject
Global
	GlobalSection(SolutionConfigurationPlatforms) = preSolution
		Debug|Any CPU = Debug|Any CPU
		Release|Any CPU = Release|Any CPU
	EndGlobalSection
	GlobalSection(ProjectConfigurationPlatforms) = postSolution
		{CC8DBAA1-2765-40E7-99CA-DD74B919CB6C}.Debug|Any CPU.ActiveCfg = Debug|Any CPU
		{CC8DBAA1-2765-40E7-99CA-DD74B919CB6C}.Debug|Any CPU.Build.0 = Debug|Any CPU
		{CC8DBAA1-2765-40E7-99CA-DD74B919CB6C}.Release|Any CPU.ActiveCfg = Release|Any CPU
		{CC8DBAA1-2765-40E7-99CA-DD74B919CB6C}.Release|Any CPU.Build.0 = Release|Any CPU
		{48ACBAA4-3A46-461E-8D6E-6E2338FD9F17}.Debug|Any CPU.ActiveCfg = Debug|Any CPU
		{48ACBAA4-3A46-461E-8D6E-6E2338FD9F17}.Debug|Any CPU.Build.0 = Debug|Any CPU
		{48ACBAA4-3A46-461E-8D6E-6E2338FD9F17}.Release|Any CPU.ActiveCfg = Release|Any CPU
		{48ACBAA4-3A46-461E-8D6E-6E2338FD9F17}.Release|Any CPU.Build.0 = Release|Any CPU
		{B74CC4B1-C61D-4AA8-BB68-88C291C61BC4}.Debug|Any CPU.ActiveCfg = Debug|Any CPU
		{B74CC4B1-C61D-4AA8-BB68-88C291C61BC4}.Debug|Any CPU.Build.0 = Debug|Any CPU
		{B74CC4B1-C61D-4AA8-BB68-88C291C61BC4}.Release|Any CPU.ActiveCfg = Release|Any CPU
		{B74CC4B1-C61D-4AA8-BB68-88C291C61BC4}.Release|Any CPU.Build.0 = Release|Any CPU
		{E03844EE-918F-4159-B17C-3107A2D19AAD}.Debug|Any CPU.ActiveCfg = Debug|Any CPU
		{E03844EE-918F-4159-B17C-3107A2D19AAD}.Debug|Any CPU.Build.0 = Debug|Any CPU
		{E03844EE-918F-4159-B17C-3107A2D19AAD}.Release|Any CPU.ActiveCfg = Release|Any CPU
		{E03844EE-918F-4159-B17C-3107A2D19AAD}.Release|Any CPU.Build.0 = Release|Any CPU
		{B2004ADA-03F6-4A31-8D52-B9CD2D8DC3E2}.Debug|Any CPU.ActiveCfg = Debug|Any CPU
		{B2004ADA-03F6-4A31-8D52-B9CD2D8DC3E2}.Debug|Any CPU.Build.0 = Debug|Any CPU
		{B2004ADA-03F6-4A31-8D52-B9CD2D8DC3E2}.Release|Any CPU.ActiveCfg = Release|Any CPU
		{B2004ADA-03F6-4A31-8D52-B9CD2D8DC3E2}.Release|Any CPU.Build.0 = Release|Any CPU
		{A34BB44C-DFA3-4C38-8C1E-1F7F743E7343}.Debug|Any CPU.ActiveCfg = Debug|Any CPU
		{A34BB44C-DFA3-4C38-8C1E-1F7F743E7343}.Debug|Any CPU.Build.0 = Debug|Any CPU
		{A34BB44C-DFA3-4C38-8C1E-1F7F743E7343}.Release|Any CPU.ActiveCfg = Release|Any CPU
		{A34BB44C-DFA3-4C38-8C1E-1F7F743E7343}.Release|Any CPU.Build.0 = Release|Any CPU
		{B3E714E4-3F85-4B00-8077-19A687DDBF9F}.Debug|Any CPU.ActiveCfg = Debug|Any CPU
		{B3E714E4-3F85-4B00-8077-19A687DDBF9F}.Debug|Any CPU.Build.0 = Debug|Any CPU
		{B3E714E4-3F85-4B00-8077-19A687DDBF9F}.Release|Any CPU.ActiveCfg = Release|Any CPU
		{B3E714E4-3F85-4B00-8077-19A687DDBF9F}.Release|Any CPU.Build.0 = Release|Any CPU
		{18493511-6C68-4D50-94DA-C8F47D04F64C}.Debug|Any CPU.ActiveCfg = Debug|Any CPU
		{18493511-6C68-4D50-94DA-C8F47D04F64C}.Debug|Any CPU.Build.0 = Debug|Any CPU
		{18493511-6C68-4D50-94DA-C8F47D04F64C}.Release|Any CPU.ActiveCfg = Release|Any CPU
		{18493511-6C68-4D50-94DA-C8F47D04F64C}.Release|Any CPU.Build.0 = Release|Any CPU
		{3A41108C-A92E-402C-B87E-F7FF4CED801E}.Debug|Any CPU.ActiveCfg = Debug|Any CPU
		{3A41108C-A92E-402C-B87E-F7FF4CED801E}.Debug|Any CPU.Build.0 = Debug|Any CPU
		{3A41108C-A92E-402C-B87E-F7FF4CED801E}.Release|Any CPU.ActiveCfg = Release|Any CPU
		{3A41108C-A92E-402C-B87E-F7FF4CED801E}.Release|Any CPU.Build.0 = Release|Any CPU
	EndGlobalSection
	GlobalSection(NestedProjects) = preSolution
		{B3E714E4-3F85-4B00-8077-19A687DDBF9F} = {485E5658-E3F9-43CD-BBE3-E0680F1B206F}
		{18493511-6C68-4D50-94DA-C8F47D04F64C} = {485E5658-E3F9-43CD-BBE3-E0680F1B206F}
		{3A41108C-A92E-402C-B87E-F7FF4CED801E} = {485E5658-E3F9-43CD-BBE3-E0680F1B206F}
	EndGlobalSection
EndGlobal
