<Solution>
  <Folder Name="/src/">
    <Project Path="src/GitDevelop.Application/GitDevelop.Application.csproj" />
    <Project Path="src/GitDevelop.Core/GitDevelop.Core.csproj" />
    <Project Path="src/GitDevelop.Domain/GitDevelop.Domain.csproj" />
    <Project Path="src/GitDevelop.Infrastructure/GitDevelop.Infrastructure.csproj" />
    <Project Path="src/GitDevelop.WebApi/GitDevelop.WebApi.csproj" />
  </Folder>
</Solution>
